
Microsoft Visual Studio Solution File, Format Version 12.00
# Visual Studio 14
VisualStudioVersion = 14.0.25420.1
MinimumVisualStudioVersion = 10.0.40219.1
Project("{2150E333-8FDC-42A3-9474-1A3956D46DE8}") = "src", "src", "{1E4F555B-DD07-4BD6-B9BF-C06D82E9DDD3}"
EndProject
Project("{2150E333-8FDC-42A3-9474-1A3956D46DE8}") = "test", "test", "{303F696C-6CED-4229-AC48-F2F13A75CED0}"
EndProject
Project("{2150E333-8FDC-42A3-9474-1A3956D46DE8}") = "sample", "sample", "{D887A4F4-7DD9-47E1-9C8C-985571FD6F54}"
EndProject
Project("{FAE04EC0-301F-11D3-BF4B-00C04F79EFBC}") = "FluentHateoas", "src\FluentHateoas\FluentHateoas.csproj", "{F7857E78-29AE-4EDF-99B6-147113462BA4}"
EndProject
Project("{FAE04EC0-301F-11D3-BF4B-00C04F79EFBC}") = "FluentHateoasTest", "test\FluentHateoasTest\FluentHateoasTest.csproj", "{722DFF56-945E-433F-AA39-2431CC4FDE90}"
EndProject
Project("{FAE04EC0-301F-11D3-BF4B-00C04F79EFBC}") = "SampleApi", "sample\SampleApi\SampleApi.csproj", "{EA4D547A-EB29-4373-9B6F-4A32D68B3347}"
EndProject
Project("{2150E333-8FDC-42A3-9474-1A3956D46DE8}") = "Solution Items", "Solution Items", "{C65A71A2-CB38-4F90-96FE-607417138E26}"
	ProjectSection(SolutionItems) = preProject
		README.md = README.md
	EndProjectSection
EndProject
Project("{FAE04EC0-301F-11D3-BF4B-00C04F79EFBC}") = "FluentHateoasIntegrationTest", "test\FluentHateoasIntegrationTest\FluentHateoasIntegrationTest.csproj", "{FCB05584-60AB-4F2A-B603-AA49E4A27BFB}"
EndProject
Global
	GlobalSection(SolutionConfigurationPlatforms) = preSolution
		Debug|Any CPU = Debug|Any CPU
		Release|Any CPU = Release|Any CPU
	EndGlobalSection
	GlobalSection(ProjectConfigurationPlatforms) = postSolution
		{F7857E78-29AE-4EDF-99B6-147113462BA4}.Debug|Any CPU.ActiveCfg = Debug|Any CPU
		{F7857E78-29AE-4EDF-99B6-147113462BA4}.Debug|Any CPU.Build.0 = Debug|Any CPU
		{F7857E78-29AE-4EDF-99B6-147113462BA4}.Release|Any CPU.ActiveCfg = Release|Any CPU
		{F7857E78-29AE-4EDF-99B6-147113462BA4}.Release|Any CPU.Build.0 = Release|Any CPU
		{722DFF56-945E-433F-AA39-2431CC4FDE90}.Debug|Any CPU.ActiveCfg = Debug|Any CPU
		{722DFF56-945E-433F-AA39-2431CC4FDE90}.Debug|Any CPU.Build.0 = Debug|Any CPU
		{722DFF56-945E-433F-AA39-2431CC4FDE90}.Release|Any CPU.ActiveCfg = Release|Any CPU
		{722DFF56-945E-433F-AA39-2431CC4FDE90}.Release|Any CPU.Build.0 = Release|Any CPU
		{EA4D547A-EB29-4373-9B6F-4A32D68B3347}.Debug|Any CPU.ActiveCfg = Debug|Any CPU
		{EA4D547A-EB29-4373-9B6F-4A32D68B3347}.Debug|Any CPU.Build.0 = Debug|Any CPU
		{EA4D547A-EB29-4373-9B6F-4A32D68B3347}.Release|Any CPU.ActiveCfg = Release|Any CPU
		{EA4D547A-EB29-4373-9B6F-4A32D68B3347}.Release|Any CPU.Build.0 = Release|Any CPU
		{FCB05584-60AB-4F2A-B603-AA49E4A27BFB}.Debug|Any CPU.ActiveCfg = Debug|Any CPU
		{FCB05584-60AB-4F2A-B603-AA49E4A27BFB}.Debug|Any CPU.Build.0 = Debug|Any CPU
		{FCB05584-60AB-4F2A-B603-AA49E4A27BFB}.Release|Any CPU.ActiveCfg = Release|Any CPU
		{FCB05584-60AB-4F2A-B603-AA49E4A27BFB}.Release|Any CPU.Build.0 = Release|Any CPU
	EndGlobalSection
	GlobalSection(SolutionProperties) = preSolution
		HideSolutionNode = FALSE
	EndGlobalSection
	GlobalSection(NestedProjects) = preSolution
		{F7857E78-29AE-4EDF-99B6-147113462BA4} = {1E4F555B-DD07-4BD6-B9BF-C06D82E9DDD3}
		{722DFF56-945E-433F-AA39-2431CC4FDE90} = {303F696C-6CED-4229-AC48-F2F13A75CED0}
		{EA4D547A-EB29-4373-9B6F-4A32D68B3347} = {D887A4F4-7DD9-47E1-9C8C-985571FD6F54}
		{FCB05584-60AB-4F2A-B603-AA49E4A27BFB} = {303F696C-6CED-4229-AC48-F2F13A75CED0}
	EndGlobalSection
EndGlobal
